{
  "name": "@ima/hmr-client",
  "version": "17.10.0",
  "lockfileVersion": 1,
  "requires": true,
  "dependencies": {
    "@types/lodash": {
      "version": "4.14.178",
      "resolved": "https://registry.npmjs.org/@types/lodash/-/lodash-4.14.178.tgz",
      "integrity": "sha512-0d5Wd09ItQWH1qFbEyQ7oTQ3GZrMfth5JkbN3EvTKLXcHLRDSXeLnlvlOn0wvxVIwK5o2M8JzP/OWz7T3NRsbw==",
      "dev": true
    },
    "@types/lodash.debounce": {
      "version": "4.0.6",
      "resolved": "https://registry.npmjs.org/@types/lodash.debounce/-/lodash.debounce-4.0.6.tgz",
      "integrity": "sha512-4WTmnnhCfDvvuLMaF3KV4Qfki93KebocUF45msxhYyjMttZDQYzHkO639ohhk8+oco2cluAFL3t5+Jn4mleylQ==",
      "dev": true,
      "requires": {
        "@types/lodash": "*"
      }
    },
    "lodash.debounce": {
      "version": "4.0.8",
      "resolved": "https://registry.npmjs.org/lodash.debounce/-/lodash.debounce-4.0.8.tgz",
      "integrity": "sha1-gteb/zCmfEAF/9XiUVMArZyk168=",
      "dev": true
    }
  }
}
